
Microsoft Visual Studio Solution File, Format Version 12.00
# Visual Studio Version 17
VisualStudioVersion = 17.9.34728.123
MinimumVisualStudioVersion = 10.0.40219.1
Project("{2150E333-8FDC-42A3-9474-1A3956D46DE8}") = "FrontEnd", "FrontEnd", "{BCEF2B1B-2972-4109-85E6-30D4CF1707D9}"
EndProject
Project("{2150E333-8FDC-42A3-9474-1A3956D46DE8}") = "Gateway", "Gateway", "{C5A43861-3E63-4596-B50B-FE4DAAB45AF0}"
EndProject
Project("{2150E333-8FDC-42A3-9474-1A3956D46DE8}") = "Integration", "Integration", "{EEF67D1D-CEAB-4933-8066-5FBD8D0FB989}"
EndProject
Project("{2150E333-8FDC-42A3-9474-1A3956D46DE8}") = "Services", "Services", "{4EF536B7-1EE3-47C7-A119-02478F084A95}"
EndProject
Project("{9A19103F-16F7-4668-BE54-9A1E7A4F7556}") = "Mango.Services.CouponAPI", "Mango.Services.CouponAPI\Mango.Services.CouponAPI.csproj", "{C67BBF86-798A-40F5-8428-B1BA91DBAB25}"
EndProject
Project("{9A19103F-16F7-4668-BE54-9A1E7A4F7556}") = "Mango.Web", "Mango.Web\Mango.Web.csproj", "{90942CBC-F564-40AE-BDA7-98019AED3751}"
EndProject
Project("{9A19103F-16F7-4668-BE54-9A1E7A4F7556}") = "Mango.Services.AuthAPI", "Mango.Services.AuthAPI\Mango.Services.AuthAPI.csproj", "{F423A2A2-072B-409A-9052-ABFB3902F25D}"
EndProject
Project("{9A19103F-16F7-4668-BE54-9A1E7A4F7556}") = "Mango.Services.ProductAPI", "Mango.Services.ProductAPI\Mango.Services.ProductAPI.csproj", "{2B742988-634B-4720-AC57-13FC007AB797}"
EndProject
Project("{9A19103F-16F7-4668-BE54-9A1E7A4F7556}") = "Mango.Services.ShoppingCartAPI", "Mango.Services.ShoppingCartAPI\Mango.Services.ShoppingCartAPI.csproj", "{27B2E034-DB57-4001-A4F8-601018827723}"
EndProject
Project("{9A19103F-16F7-4668-BE54-9A1E7A4F7556}") = "Mango.MessageBus", "Mango.MessageBus\Mango.MessageBus.csproj", "{92DE2C43-FE9A-4A87-87BD-F29BFA9D8145}"
EndProject
Project("{9A19103F-16F7-4668-BE54-9A1E7A4F7556}") = "Mango.Services.EmailAPI", "Mango.Services.EmailAPI\Mango.Services.EmailAPI.csproj", "{D06C5B15-0B7C-4D81-A8BC-AC4981FE281E}"
EndProject
Project("{FAE04EC0-301F-11D3-BF4B-00C04F79EFBC}") = "Mango.Services.OrderAPI", "Mango.Services.OrderAPI\Mango.Services.OrderAPI.csproj", "{7B0E36CD-0499-472D-8BF6-C7408B57F12A}"
EndProject
Global
	GlobalSection(SolutionConfigurationPlatforms) = preSolution
		Debug|Any CPU = Debug|Any CPU
		Release|Any CPU = Release|Any CPU
	EndGlobalSection
	GlobalSection(ProjectConfigurationPlatforms) = postSolution
		{C67BBF86-798A-40F5-8428-B1BA91DBAB25}.Debug|Any CPU.ActiveCfg = Debug|Any CPU
		{C67BBF86-798A-40F5-8428-B1BA91DBAB25}.Debug|Any CPU.Build.0 = Debug|Any CPU
		{C67BBF86-798A-40F5-8428-B1BA91DBAB25}.Release|Any CPU.ActiveCfg = Release|Any CPU
		{C67BBF86-798A-40F5-8428-B1BA91DBAB25}.Release|Any CPU.Build.0 = Release|Any CPU
		{90942CBC-F564-40AE-BDA7-98019AED3751}.Debug|Any CPU.ActiveCfg = Debug|Any CPU
		{90942CBC-F564-40AE-BDA7-98019AED3751}.Debug|Any CPU.Build.0 = Debug|Any CPU
		{90942CBC-F564-40AE-BDA7-98019AED3751}.Release|Any CPU.ActiveCfg = Release|Any CPU
		{90942CBC-F564-40AE-BDA7-98019AED3751}.Release|Any CPU.Build.0 = Release|Any CPU
		{F423A2A2-072B-409A-9052-ABFB3902F25D}.Debug|Any CPU.ActiveCfg = Debug|Any CPU
		{F423A2A2-072B-409A-9052-ABFB3902F25D}.Debug|Any CPU.Build.0 = Debug|Any CPU
		{F423A2A2-072B-409A-9052-ABFB3902F25D}.Release|Any CPU.ActiveCfg = Release|Any CPU
		{F423A2A2-072B-409A-9052-ABFB3902F25D}.Release|Any CPU.Build.0 = Release|Any CPU
		{2B742988-634B-4720-AC57-13FC007AB797}.Debug|Any CPU.ActiveCfg = Debug|Any CPU
		{2B742988-634B-4720-AC57-13FC007AB797}.Debug|Any CPU.Build.0 = Debug|Any CPU
		{2B742988-634B-4720-AC57-13FC007AB797}.Release|Any CPU.ActiveCfg = Release|Any CPU
		{2B742988-634B-4720-AC57-13FC007AB797}.Release|Any CPU.Build.0 = Release|Any CPU
		{27B2E034-DB57-4001-A4F8-601018827723}.Debug|Any CPU.ActiveCfg = Debug|Any CPU
		{27B2E034-DB57-4001-A4F8-601018827723}.Debug|Any CPU.Build.0 = Debug|Any CPU
		{27B2E034-DB57-4001-A4F8-601018827723}.Release|Any CPU.ActiveCfg = Release|Any CPU
		{27B2E034-DB57-4001-A4F8-601018827723}.Release|Any CPU.Build.0 = Release|Any CPU
		{92DE2C43-FE9A-4A87-87BD-F29BFA9D8145}.Debug|Any CPU.ActiveCfg = Debug|Any CPU
		{92DE2C43-FE9A-4A87-87BD-F29BFA9D8145}.Debug|Any CPU.Build.0 = Debug|Any CPU
		{92DE2C43-FE9A-4A87-87BD-F29BFA9D8145}.Release|Any CPU.ActiveCfg = Release|Any CPU
		{92DE2C43-FE9A-4A87-87BD-F29BFA9D8145}.Release|Any CPU.Build.0 = Release|Any CPU
		{D06C5B15-0B7C-4D81-A8BC-AC4981FE281E}.Debug|Any CPU.ActiveCfg = Debug|Any CPU
		{D06C5B15-0B7C-4D81-A8BC-AC4981FE281E}.Debug|Any CPU.Build.0 = Debug|Any CPU
		{D06C5B15-0B7C-4D81-A8BC-AC4981FE281E}.Release|Any CPU.ActiveCfg = Release|Any CPU
		{D06C5B15-0B7C-4D81-A8BC-AC4981FE281E}.Release|Any CPU.Build.0 = Release|Any CPU
		{7B0E36CD-0499-472D-8BF6-C7408B57F12A}.Debug|Any CPU.ActiveCfg = Debug|Any CPU
		{7B0E36CD-0499-472D-8BF6-C7408B57F12A}.Debug|Any CPU.Build.0 = Debug|Any CPU
		{7B0E36CD-0499-472D-8BF6-C7408B57F12A}.Release|Any CPU.ActiveCfg = Release|Any CPU
		{7B0E36CD-0499-472D-8BF6-C7408B57F12A}.Release|Any CPU.Build.0 = Release|Any CPU
	EndGlobalSection
	GlobalSection(SolutionProperties) = preSolution
		HideSolutionNode = FALSE
	EndGlobalSection
	GlobalSection(NestedProjects) = preSolution
		{C67BBF86-798A-40F5-8428-B1BA91DBAB25} = {4EF536B7-1EE3-47C7-A119-02478F084A95}
		{90942CBC-F564-40AE-BDA7-98019AED3751} = {BCEF2B1B-2972-4109-85E6-30D4CF1707D9}
		{F423A2A2-072B-409A-9052-ABFB3902F25D} = {4EF536B7-1EE3-47C7-A119-02478F084A95}
		{2B742988-634B-4720-AC57-13FC007AB797} = {4EF536B7-1EE3-47C7-A119-02478F084A95}
		{27B2E034-DB57-4001-A4F8-601018827723} = {4EF536B7-1EE3-47C7-A119-02478F084A95}
		{92DE2C43-FE9A-4A87-87BD-F29BFA9D8145} = {EEF67D1D-CEAB-4933-8066-5FBD8D0FB989}
		{D06C5B15-0B7C-4D81-A8BC-AC4981FE281E} = {4EF536B7-1EE3-47C7-A119-02478F084A95}
		{7B0E36CD-0499-472D-8BF6-C7408B57F12A} = {4EF536B7-1EE3-47C7-A119-02478F084A95}
	EndGlobalSection
	GlobalSection(ExtensibilityGlobals) = postSolution
		SolutionGuid = {819B6B8B-5B27-43C9-B88A-2E56EA7AD37A}
	EndGlobalSection
EndGlobal
