
Microsoft Visual Studio Solution File, Format Version 12.00
# Visual Studio Version 17
VisualStudioVersion = 17.9.34728.123
MinimumVisualStudioVersion = 10.0.40219.1
Project("{2150E333-8FDC-42A3-9474-1A3956D46DE8}") = "FrontEnd", "FrontEnd", "{BCEF2B1B-2972-4109-85E6-30D4CF1707D9}"
EndProject
Project("{2150E333-8FDC-42A3-9474-1A3956D46DE8}") = "Gateway", "Gateway", "{C5A43861-3E63-4596-B50B-FE4DAAB45AF0}"
EndProject
Project("{2150E333-8FDC-42A3-9474-1A3956D46DE8}") = "Integration", "Integration", "{EEF67D1D-CEAB-4933-8066-5FBD8D0FB989}"
EndProject
Project("{2150E333-8FDC-42A3-9474-1A3956D46DE8}") = "Services", "Services", "{4EF536B7-1EE3-47C7-A119-02478F084A95}"
EndProject
Project("{FAE04EC0-301F-11D3-BF4B-00C04F79EFBC}") = "Mango.Services.CouponAPI", "Mango.Services.CouponAPI\Mango.Services.CouponAPI.csproj", "{C67BBF86-798A-40F5-8428-B1BA91DBAB25}"
EndProject
Global
	GlobalSection(SolutionConfigurationPlatforms) = preSolution
		Debug|Any CPU = Debug|Any CPU
		Release|Any CPU = Release|Any CPU
	EndGlobalSection
	GlobalSection(ProjectConfigurationPlatforms) = postSolution
		{C67BBF86-798A-40F5-8428-B1BA91DBAB25}.Debug|Any CPU.ActiveCfg = Debug|Any CPU
		{C67BBF86-798A-40F5-8428-B1BA91DBAB25}.Debug|Any CPU.Build.0 = Debug|Any CPU
		{C67BBF86-798A-40F5-8428-B1BA91DBAB25}.Release|Any CPU.ActiveCfg = Release|Any CPU
		{C67BBF86-798A-40F5-8428-B1BA91DBAB25}.Release|Any CPU.Build.0 = Release|Any CPU
	EndGlobalSection
	GlobalSection(SolutionProperties) = preSolution
		HideSolutionNode = FALSE
	EndGlobalSection
	GlobalSection(NestedProjects) = preSolution
		{C67BBF86-798A-40F5-8428-B1BA91DBAB25} = {4EF536B7-1EE3-47C7-A119-02478F084A95}
	EndGlobalSection
	GlobalSection(ExtensibilityGlobals) = postSolution
		SolutionGuid = {819B6B8B-5B27-43C9-B88A-2E56EA7AD37A}
	EndGlobalSection
EndGlobal
